
Microsoft Visual Studio Solution File, Format Version 12.00
# Visual Studio Version 17
VisualStudioVersion = 17.3.32825.248
MinimumVisualStudioVersion = 10.0.40219.1
Project("{9A19103F-16F7-4668-BE54-9A1E7A4F7556}") = "Mac", "Mac\Mac.csproj", "{B2055187-9C07-4122-87F2-92FA692067A0}"
EndProject
Project("{2150E333-8FDC-42A3-9474-1A3956D46DE8}") = "NETStandard", "NETStandard", "{F3149522-5E6E-46E4-9BA4-A3A69FB92522}"
EndProject
Project("{9A19103F-16F7-4668-BE54-9A1E7A4F7556}") = "Mac.Models", "Mac.Models\Mac.Models.csproj", "{6C3D18FB-DCEA-4D38-ACF0-CF4E8B37628F}"
EndProject
Project("{9A19103F-16F7-4668-BE54-9A1E7A4F7556}") = "Sequel.Attributes", "NETStandard\Sequel.Attributes\Sequel.Attributes.csproj", "{50DE1A77-0EF9-41B9-A534-7E28A3212757}"
EndProject
Project("{9A19103F-16F7-4668-BE54-9A1E7A4F7556}") = "Sequel.Common", "NETStandard\Sequel.Common\Sequel.Common.csproj", "{29CDADDE-73B5-4286-AB6A-1F0AC250194A}"
EndProject
Project("{9A19103F-16F7-4668-BE54-9A1E7A4F7556}") = "Sequel.Models", "NETStandard\Sequel.Models\Sequel.Models.csproj", "{8BCBA0F8-8506-4FEB-9304-3CEE5838836C}"
EndProject
Project("{9A19103F-16F7-4668-BE54-9A1E7A4F7556}") = "Sequel.Service", "NETStandard\Sequel.Service\Sequel.Service.csproj", "{12BF91D1-63BE-42A7-8720-057897D4CDD4}"
EndProject
Global
	GlobalSection(SolutionConfigurationPlatforms) = preSolution
		Debug|Any CPU = Debug|Any CPU
		Release|Any CPU = Release|Any CPU
	EndGlobalSection
	GlobalSection(ProjectConfigurationPlatforms) = postSolution
		{B2055187-9C07-4122-87F2-92FA692067A0}.Debug|Any CPU.ActiveCfg = Debug|Any CPU
		{B2055187-9C07-4122-87F2-92FA692067A0}.Debug|Any CPU.Build.0 = Debug|Any CPU
		{B2055187-9C07-4122-87F2-92FA692067A0}.Release|Any CPU.ActiveCfg = Release|Any CPU
		{B2055187-9C07-4122-87F2-92FA692067A0}.Release|Any CPU.Build.0 = Release|Any CPU
		{6C3D18FB-DCEA-4D38-ACF0-CF4E8B37628F}.Debug|Any CPU.ActiveCfg = Debug|Any CPU
		{6C3D18FB-DCEA-4D38-ACF0-CF4E8B37628F}.Debug|Any CPU.Build.0 = Debug|Any CPU
		{6C3D18FB-DCEA-4D38-ACF0-CF4E8B37628F}.Release|Any CPU.ActiveCfg = Release|Any CPU
		{6C3D18FB-DCEA-4D38-ACF0-CF4E8B37628F}.Release|Any CPU.Build.0 = Release|Any CPU
		{50DE1A77-0EF9-41B9-A534-7E28A3212757}.Debug|Any CPU.ActiveCfg = Debug|Any CPU
		{50DE1A77-0EF9-41B9-A534-7E28A3212757}.Debug|Any CPU.Build.0 = Debug|Any CPU
		{50DE1A77-0EF9-41B9-A534-7E28A3212757}.Release|Any CPU.ActiveCfg = Release|Any CPU
		{50DE1A77-0EF9-41B9-A534-7E28A3212757}.Release|Any CPU.Build.0 = Release|Any CPU
		{29CDADDE-73B5-4286-AB6A-1F0AC250194A}.Debug|Any CPU.ActiveCfg = Debug|Any CPU
		{29CDADDE-73B5-4286-AB6A-1F0AC250194A}.Debug|Any CPU.Build.0 = Debug|Any CPU
		{29CDADDE-73B5-4286-AB6A-1F0AC250194A}.Release|Any CPU.ActiveCfg = Release|Any CPU
		{29CDADDE-73B5-4286-AB6A-1F0AC250194A}.Release|Any CPU.Build.0 = Release|Any CPU
		{8BCBA0F8-8506-4FEB-9304-3CEE5838836C}.Debug|Any CPU.ActiveCfg = Debug|Any CPU
		{8BCBA0F8-8506-4FEB-9304-3CEE5838836C}.Debug|Any CPU.Build.0 = Debug|Any CPU
		{8BCBA0F8-8506-4FEB-9304-3CEE5838836C}.Release|Any CPU.ActiveCfg = Release|Any CPU
		{8BCBA0F8-8506-4FEB-9304-3CEE5838836C}.Release|Any CPU.Build.0 = Release|Any CPU
		{12BF91D1-63BE-42A7-8720-057897D4CDD4}.Debug|Any CPU.ActiveCfg = Debug|Any CPU
		{12BF91D1-63BE-42A7-8720-057897D4CDD4}.Debug|Any CPU.Build.0 = Debug|Any CPU
		{12BF91D1-63BE-42A7-8720-057897D4CDD4}.Release|Any CPU.ActiveCfg = Release|Any CPU
		{12BF91D1-63BE-42A7-8720-057897D4CDD4}.Release|Any CPU.Build.0 = Release|Any CPU
	EndGlobalSection
	GlobalSection(SolutionProperties) = preSolution
		HideSolutionNode = FALSE
	EndGlobalSection
	GlobalSection(NestedProjects) = preSolution
		{6C3D18FB-DCEA-4D38-ACF0-CF4E8B37628F} = {F3149522-5E6E-46E4-9BA4-A3A69FB92522}
		{50DE1A77-0EF9-41B9-A534-7E28A3212757} = {F3149522-5E6E-46E4-9BA4-A3A69FB92522}
		{29CDADDE-73B5-4286-AB6A-1F0AC250194A} = {F3149522-5E6E-46E4-9BA4-A3A69FB92522}
		{8BCBA0F8-8506-4FEB-9304-3CEE5838836C} = {F3149522-5E6E-46E4-9BA4-A3A69FB92522}
		{12BF91D1-63BE-42A7-8720-057897D4CDD4} = {F3149522-5E6E-46E4-9BA4-A3A69FB92522}
	EndGlobalSection
	GlobalSection(ExtensibilityGlobals) = postSolution
		SolutionGuid = {6048840D-7ED5-4840-9632-01E7BB3453F4}
	EndGlobalSection
EndGlobal
